
Microsoft Visual Studio Solution File, Format Version 12.00
# Visual Studio 2013
VisualStudioVersion = 12.0.21005.1
MinimumVisualStudioVersion = 10.0.40219.1
Project("{FAE04EC0-301F-11D3-BF4B-00C04F79EFBC}") = "Parcial2", "Parcial2\Parcial2.csproj", "{E723C49F-8BBC-44CA-A5F1-5A6C73FEA8EE}"
EndProject
Global
	GlobalSection(SolutionConfigurationPlatforms) = preSolution
		Debug|Any CPU = Debug|Any CPU
		Release|Any CPU = Release|Any CPU
	EndGlobalSection
	GlobalSection(ProjectConfigurationPlatforms) = postSolution
		{E723C49F-8BBC-44CA-A5F1-5A6C73FEA8EE}.Debug|Any CPU.ActiveCfg = Debug|Any CPU
		{E723C49F-8BBC-44CA-A5F1-5A6C73FEA8EE}.Debug|Any CPU.Build.0 = Debug|Any CPU
		{E723C49F-8BBC-44CA-A5F1-5A6C73FEA8EE}.Release|Any CPU.ActiveCfg = Release|Any CPU
		{E723C49F-8BBC-44CA-A5F1-5A6C73FEA8EE}.Release|Any CPU.Build.0 = Release|Any CPU
	EndGlobalSection
	GlobalSection(SolutionProperties) = preSolution
		HideSolutionNode = FALSE
	EndGlobalSection
EndGlobal
